// !$*UTF8*$!
{
	archiveVersion = 1;
	classes = {
	};
	objectVersion = 56;
	objects = {

/* Begin PBXBuildFile section */
		042FF1F52CE96CFF0035CB71 /* AppDelegate.swift in Sources */ = {isa = PBXBuildFile; fileRef = 042FF1F42CE96CFF0035CB71 /* AppDelegate.swift */; };
		042FF1F72CE96CFF0035CB71 /* SceneDelegate.swift in Sources */ = {isa = PBXBuildFile; fileRef = 042FF1F62CE96CFF0035CB71 /* SceneDelegate.swift */; };
		042FF1F92CE96CFF0035CB71 /* ViewController.swift in Sources */ = {isa = PBXBuildFile; fileRef = 042FF1F82CE96CFF0035CB71 /* ViewController.swift */; };
		042FF1FC2CE96CFF0035CB71 /* Base in Resources */ = {isa = PBXBuildFile; fileRef = 042FF1FB2CE96CFF0035CB71 /* Base */; };
		042FF1FE2CE96D010035CB71 /* Assets.xcassets in Resources */ = {isa = PBXBuildFile; fileRef = 042FF1FD2CE96D010035CB71 /* Assets.xcassets */; };
		042FF2012CE96D010035CB71 /* Base in Resources */ = {isa = PBXBuildFile; fileRef = 042FF2002CE96D010035CB71 /* Base */; };
		042FF20C2CE96D020035CB71 /* taskAppTests.swift in Sources */ = {isa = PBXBuildFile; fileRef = 042FF20B2CE96D020035CB71 /* taskAppTests.swift */; };
		042FF2162CE96D020035CB71 /* taskAppUITests.swift in Sources */ = {isa = PBXBuildFile; fileRef = 042FF2152CE96D020035CB71 /* taskAppUITests.swift */; };
		042FF2182CE96D020035CB71 /* taskAppUITestsLaunchTests.swift in Sources */ = {isa = PBXBuildFile; fileRef = 042FF2172CE96D020035CB71 /* taskAppUITestsLaunchTests.swift */; };
/* End PBXBuildFile section */

/* Begin PBXContainerItemProxy section */
		042FF2082CE96D020035CB71 /* PBXContainerItemProxy */ = {
			isa = PBXContainerItemProxy;
			containerPortal = 042FF1E92CE96CFF0035CB71 /* Project object */;
			proxyType = 1;
			remoteGlobalIDString = 042FF1F02CE96CFF0035CB71;
			remoteInfo = taskApp;
		};
		042FF2122CE96D020035CB71 /* PBXContainerItemProxy */ = {
			isa = PBXContainerItemProxy;
			containerPortal = 042FF1E92CE96CFF0035CB71 /* Project object */;
			proxyType = 1;
			remoteGlobalIDString = 042FF1F02CE96CFF0035CB71;
			remoteInfo = taskApp;
		};
/* End PBXContainerItemProxy section */

/* Begin PBXFileReference section */
		042FF1F12CE96CFF0035CB71 /* taskApp.app */ = {isa = PBXFileReference; explicitFileType = wrapper.application; includeInIndex = 0; path = taskApp.app; sourceTree = BUILT_PRODUCTS_DIR; };
		042FF1F42CE96CFF0035CB71 /* AppDelegate.swift */ = {isa = PBXFileReference; lastKnownFileType = sourcecode.swift; path = AppDelegate.swift; sourceTree = "<group>"; };
		042FF1F62CE96CFF0035CB71 /* SceneDelegate.swift */ = {isa = PBXFileReference; lastKnownFileType = sourcecode.swift; path = SceneDelegate.swift; sourceTree = "<group>"; };
		042FF1F82CE96CFF0035CB71 /* ViewController.swift */ = {isa = PBXFileReference; lastKnownFileType = sourcecode.swift; path = ViewController.swift; sourceTree = "<group>"; };
		042FF1FB2CE96CFF0035CB71 /* Base */ = {isa = PBXFileReference; lastKnownFileType = file.storyboard; name = Base; path = Base.lproj/Main.storyboard; sourceTree = "<group>"; };
		042FF1FD2CE96D010035CB71 /* Assets.xcassets */ = {isa = PBXFileReference; lastKnownFileType = folder.assetcatalog; path = Assets.xcassets; sourceTree = "<group>"; };
		042FF2002CE96D010035CB71 /* Base */ = {isa = PBXFileReference; lastKnownFileType = file.storyboard; name = Base; path = Base.lproj/LaunchScreen.storyboard; sourceTree = "<group>"; };
		042FF2022CE96D010035CB71 /* Info.plist */ = {isa = PBXFileReference; lastKnownFileType = text.plist.xml; path = Info.plist; sourceTree = "<group>"; };
		042FF2072CE96D020035CB71 /* taskAppTests.xctest */ = {isa = PBXFileReference; explicitFileType = wrapper.cfbundle; includeInIndex = 0; path = taskAppTests.xctest; sourceTree = BUILT_PRODUCTS_DIR; };
		042FF20B2CE96D020035CB71 /* taskAppTests.swift */ = {isa = PBXFileReference; lastKnownFileType = sourcecode.swift; path = taskAppTests.swift; sourceTree = "<group>"; };
		042FF2112CE96D020035CB71 /* taskAppUITests.xctest */ = {isa = PBXFileReference; explicitFileType = wrapper.cfbundle; includeInIndex = 0; path = taskAppUITests.xctest; sourceTree = BUILT_PRODUCTS_DIR; };
		042FF2152CE96D020035CB71 /* taskAppUITests.swift */ = {isa = PBXFileReference; lastKnownFileType = sourcecode.swift; path = taskAppUITests.swift; sourceTree = "<group>"; };
		042FF2172CE96D020035CB71 /* taskAppUITestsLaunchTests.swift */ = {isa = PBXFileReference; lastKnownFileType = sourcecode.swift; path = taskAppUITestsLaunchTests.swift; sourceTree = "<group>"; };
/* End PBXFileReference section */

/* Begin PBXFrameworksBuildPhase section */
		042FF1EE2CE96CFF0035CB71 /* Frameworks */ = {
			isa = PBXFrameworksBuildPhase;
			buildActionMask = 2147483647;
			files = (
			);
			runOnlyForDeploymentPostprocessing = 0;
		};
		042FF2042CE96D020035CB71 /* Frameworks */ = {
			isa = PBXFrameworksBuildPhase;
			buildActionMask = 2147483647;
			files = (
			);
			runOnlyForDeploymentPostprocessing = 0;
		};
		042FF20E2CE96D020035CB71 /* Frameworks */ = {
			isa = PBXFrameworksBuildPhase;
			buildActionMask = 2147483647;
			files = (
			);
			runOnlyForDeploymentPostprocessing = 0;
		};
/* End PBXFrameworksBuildPhase section */

/* Begin PBXGroup section */
		042FF1E82CE96CFF0035CB71 = {
			isa = PBXGroup;
			children = (
				042FF1F32CE96CFF0035CB71 /* taskApp */,
				042FF20A2CE96D020035CB71 /* taskAppTests */,
				042FF2142CE96D020035CB71 /* taskAppUITests */,
				042FF1F22CE96CFF0035CB71 /* Products */,
			);
			sourceTree = "<group>";
		};
		042FF1F22CE96CFF0035CB71 /* Products */ = {
			isa = PBXGroup;
			children = (
				042FF1F12CE96CFF0035CB71 /* taskApp.app */,
				042FF2072CE96D020035CB71 /* taskAppTests.xctest */,
				042FF2112CE96D020035CB71 /* taskAppUITests.xctest */,
			);
			name = Products;
			sourceTree = "<group>";
		};
		042FF1F32CE96CFF0035CB71 /* taskApp */ = {
			isa = PBXGroup;
			children = (
				042FF1F42CE96CFF0035CB71 /* AppDelegate.swift */,
				042FF1F62CE96CFF0035CB71 /* SceneDelegate.swift */,
				042FF1F82CE96CFF0035CB71 /* ViewController.swift */,
				042FF1FA2CE96CFF0035CB71 /* Main.storyboard */,
				042FF1FD2CE96D010035CB71 /* Assets.xcassets */,
				042FF1FF2CE96D010035CB71 /* LaunchScreen.storyboard */,
				042FF2022CE96D010035CB71 /* Info.plist */,
			);
			path = taskApp;
			sourceTree = "<group>";
		};
		042FF20A2CE96D020035CB71 /* taskAppTests */ = {
			isa = PBXGroup;
			children = (
				042FF20B2CE96D020035CB71 /* taskAppTests.swift */,
			);
			path = taskAppTests;
			sourceTree = "<group>";
		};
		042FF2142CE96D020035CB71 /* taskAppUITests */ = {
			isa = PBXGroup;
			children = (
				042FF2152CE96D020035CB71 /* taskAppUITests.swift */,
				042FF2172CE96D020035CB71 /* taskAppUITestsLaunchTests.swift */,
			);
			path = taskAppUITests;
			sourceTree = "<group>";
		};
/* End PBXGroup section */

/* Begin PBXNativeTarget section */
		042FF1F02CE96CFF0035CB71 /* taskApp */ = {
			isa = PBXNativeTarget;
			buildConfigurationList = 042FF21B2CE96D020035CB71 /* Build configuration list for PBXNativeTarget "taskApp" */;
			buildPhases = (
				042FF1ED2CE96CFF0035CB71 /* Sources */,
				042FF1EE2CE96CFF0035CB71 /* Frameworks */,
				042FF1EF2CE96CFF0035CB71 /* Resources */,
			);
			buildRules = (
			);
			dependencies = (
			);
			name = taskApp;
			productName = taskApp;
			productReference = 042FF1F12CE96CFF0035CB71 /* taskApp.app */;
			productType = "com.apple.product-type.application";
		};
		042FF2062CE96D020035CB71 /* taskAppTests */ = {
			isa = PBXNativeTarget;
			buildConfigurationList = 042FF21E2CE96D020035CB71 /* Build configuration list for PBXNativeTarget "taskAppTests" */;
			buildPhases = (
				042FF2032CE96D020035CB71 /* Sources */,
				042FF2042CE96D020035CB71 /* Frameworks */,
				042FF2052CE96D020035CB71 /* Resources */,
			);
			buildRules = (
			);
			dependencies = (
				042FF2092CE96D020035CB71 /* PBXTargetDependency */,
			);
			name = taskAppTests;
			productName = taskAppTests;
			productReference = 042FF2072CE96D020035CB71 /* taskAppTests.xctest */;
			productType = "com.apple.product-type.bundle.unit-test";
		};
		042FF2102CE96D020035CB71 /* taskAppUITests */ = {
			isa = PBXNativeTarget;
			buildConfigurationList = 042FF2212CE96D020035CB71 /* Build configuration list for PBXNativeTarget "taskAppUITests" */;
			buildPhases = (
				042FF20D2CE96D020035CB71 /* Sources */,
				042FF20E2CE96D020035CB71 /* Frameworks */,
				042FF20F2CE96D020035CB71 /* Resources */,
			);
			buildRules = (
			);
			dependencies = (
				042FF2132CE96D020035CB71 /* PBXTargetDependency */,
			);
			name = taskAppUITests;
			productName = taskAppUITests;
			productReference = 042FF2112CE96D020035CB71 /* taskAppUITests.xctest */;
			productType = "com.apple.product-type.bundle.ui-testing";
		};
/* End PBXNativeTarget section */

/* Begin PBXProject section */
		042FF1E92CE96CFF0035CB71 /* Project object */ = {
			isa = PBXProject;
			attributes = {
				BuildIndependentTargetsInParallel = 1;
				LastSwiftUpdateCheck = 1600;
				LastUpgradeCheck = 1600;
				TargetAttributes = {
					042FF1F02CE96CFF0035CB71 = {
						CreatedOnToolsVersion = 16.0;
					};
					042FF2062CE96D020035CB71 = {
						CreatedOnToolsVersion = 16.0;
						TestTargetID = 042FF1F02CE96CFF0035CB71;
					};
					042FF2102CE96D020035CB71 = {
						CreatedOnToolsVersion = 16.0;
						TestTargetID = 042FF1F02CE96CFF0035CB71;
					};
				};
			};
			buildConfigurationList = 042FF1EC2CE96CFF0035CB71 /* Build configuration list for PBXProject "taskApp" */;
			compatibilityVersion = "Xcode 14.0";
			developmentRegion = en;
			hasScannedForEncodings = 0;
			knownRegions = (
				en,
				Base,
			);
			mainGroup = 042FF1E82CE96CFF0035CB71;
			productRefGroup = 042FF1F22CE96CFF0035CB71 /* Products */;
			projectDirPath = "";
			projectRoot = "";
			targets = (
				042FF1F02CE96CFF0035CB71 /* taskApp */,
				042FF2062CE96D020035CB71 /* taskAppTests */,
				042FF2102CE96D020035CB71 /* taskAppUITests */,
			);
		};
/* End PBXProject section */

/* Begin PBXResourcesBuildPhase section */
		042FF1EF2CE96CFF0035CB71 /* Resources */ = {
			isa = PBXResourcesBuildPhase;
			buildActionMask = 2147483647;
			files = (
				042FF1FE2CE96D010035CB71 /* Assets.xcassets in Resources */,
				042FF2012CE96D010035CB71 /* Base in Resources */,
				042FF1FC2CE96CFF0035CB71 /* Base in Resources */,
			);
			runOnlyForDeploymentPostprocessing = 0;
		};
		042FF2052CE96D020035CB71 /* Resources */ = {
			isa = PBXResourcesBuildPhase;
			buildActionMask = 2147483647;
			files = (
			);
			runOnlyForDeploymentPostprocessing = 0;
		};
		042FF20F2CE96D020035CB71 /* Resources */ = {
			isa = PBXResourcesBuildPhase;
			buildActionMask = 2147483647;
			files = (
			);
			runOnlyForDeploymentPostprocessing = 0;
		};
/* End PBXResourcesBuildPhase section */

/* Begin PBXSourcesBuildPhase section */
		042FF1ED2CE96CFF0035CB71 /* Sources */ = {
			isa = PBXSourcesBuildPhase;
			buildActionMask = 2147483647;
			files = (
				042FF1F92CE96CFF0035CB71 /* ViewController.swift in Sources */,
				042FF1F52CE96CFF0035CB71 /* AppDelegate.swift in Sources */,
				042FF1F72CE96CFF0035CB71 /* SceneDelegate.swift in Sources */,
			);
			runOnlyForDeploymentPostprocessing = 0;
		};
		042FF2032CE96D020035CB71 /* Sources */ = {
			isa = PBXSourcesBuildPhase;
			buildActionMask = 2147483647;
			files = (
				042FF20C2CE96D020035CB71 /* taskAppTests.swift in Sources */,
			);
			runOnlyForDeploymentPostprocessing = 0;
		};
		042FF20D2CE96D020035CB71 /* Sources */ = {
			isa = PBXSourcesBuildPhase;
			buildActionMask = 2147483647;
			files = (
				042FF2162CE96D020035CB71 /* taskAppUITests.swift in Sources */,
				042FF2182CE96D020035CB71 /* taskAppUITestsLaunchTests.swift in Sources */,
			);
			runOnlyForDeploymentPostprocessing = 0;
		};
/* End PBXSourcesBuildPhase section */

/* Begin PBXTargetDependency section */
		042FF2092CE96D020035CB71 /* PBXTargetDependency */ = {
			isa = PBXTargetDependency;
			target = 042FF1F02CE96CFF0035CB71 /* taskApp */;
			targetProxy = 042FF2082CE96D020035CB71 /* PBXContainerItemProxy */;
		};
		042FF2132CE96D020035CB71 /* PBXTargetDependency */ = {
			isa = PBXTargetDependency;
			target = 042FF1F02CE96CFF0035CB71 /* taskApp */;
			targetProxy = 042FF2122CE96D020035CB71 /* PBXContainerItemProxy */;
		};
/* End PBXTargetDependency section */

/* Begin PBXVariantGroup section */
		042FF1FA2CE96CFF0035CB71 /* Main.storyboard */ = {
			isa = PBXVariantGroup;
			children = (
				042FF1FB2CE96CFF0035CB71 /* Base */,
			);
			name = Main.storyboard;
			sourceTree = "<group>";
		};
		042FF1FF2CE96D010035CB71 /* LaunchScreen.storyboard */ = {
			isa = PBXVariantGroup;
			children = (
				042FF2002CE96D010035CB71 /* Base */,
			);
			name = LaunchScreen.storyboard;
			sourceTree = "<group>";
		};
/* End PBXVariantGroup section */

/* Begin XCBuildConfiguration section */
		042FF2192CE96D020035CB71 /* Debug */ = {
			isa = XCBuildConfiguration;
			buildSettings = {
				ALWAYS_SEARCH_USER_PATHS = NO;
				ASSETCATALOG_COMPILER_GENERATE_SWIFT_ASSET_SYMBOL_EXTENSIONS = YES;
				CLANG_ANALYZER_NONNULL = YES;
				CLANG_ANALYZER_NUMBER_OBJECT_CONVERSION = YES_AGGRESSIVE;
				CLANG_CXX_LANGUAGE_STANDARD = "gnu++20";
				CLANG_ENABLE_MODULES = YES;
				CLANG_ENABLE_OBJC_ARC = YES;
				CLANG_ENABLE_OBJC_WEAK = YES;
				CLANG_WARN_BLOCK_CAPTURE_AUTORELEASING = YES;
				CLANG_WARN_BOOL_CONVERSION = YES;
				CLANG_WARN_COMMA = YES;
				CLANG_WARN_CONSTANT_CONVERSION = YES;
				CLANG_WARN_DEPRECATED_OBJC_IMPLEMENTATIONS = YES;
				CLANG_WARN_DIRECT_OBJC_ISA_USAGE = YES_ERROR;
				CLANG_WARN_DOCUMENTATION_COMMENTS = YES;
				CLANG_WARN_EMPTY_BODY = YES;
				CLANG_WARN_ENUM_CONVERSION = YES;
				CLANG_WARN_INFINITE_RECURSION = YES;
				CLANG_WARN_INT_CONVERSION = YES;
				CLANG_WARN_NON_LITERAL_NULL_CONVERSION = YES;
				CLANG_WARN_OBJC_IMPLICIT_RETAIN_SELF = YES;
				CLANG_WARN_OBJC_LITERAL_CONVERSION = YES;
				CLANG_WARN_OBJC_ROOT_CLASS = YES_ERROR;
				CLANG_WARN_QUOTED_INCLUDE_IN_FRAMEWORK_HEADER = YES;
				CLANG_WARN_RANGE_LOOP_ANALYSIS = YES;
				CLANG_WARN_STRICT_PROTOTYPES = YES;
				CLANG_WARN_SUSPICIOUS_MOVE = YES;
				CLANG_WARN_UNGUARDED_AVAILABILITY = YES_AGGRESSIVE;
				CLANG_WARN_UNREACHABLE_CODE = YES;
				CLANG_WARN__DUPLICATE_METHOD_MATCH = YES;
				COPY_PHASE_STRIP = NO;
				DEBUG_INFORMATION_FORMAT = dwarf;
				ENABLE_STRICT_OBJC_MSGSEND = YES;
				ENABLE_TESTABILITY = YES;
				ENABLE_USER_SCRIPT_SANDBOXING = YES;
				GCC_C_LANGUAGE_STANDARD = gnu17;
				GCC_DYNAMIC_NO_PIC = NO;
				GCC_NO_COMMON_BLOCKS = YES;
				GCC_OPTIMIZATION_LEVEL = 0;
				GCC_PREPROCESSOR_DEFINITIONS = (
					"DEBUG=1",
					"$(inherited)",
				);
				GCC_WARN_64_TO_32_BIT_CONVERSION = YES;
				GCC_WARN_ABOUT_RETURN_TYPE = YES_ERROR;
				GCC_WARN_UNDECLARED_SELECTOR = YES;
				GCC_WARN_UNINITIALIZED_AUTOS = YES_AGGRESSIVE;
				GCC_WARN_UNUSED_FUNCTION = YES;
				GCC_WARN_UNUSED_VARIABLE = YES;
				IPHONEOS_DEPLOYMENT_TARGET = 17.5;
				LOCALIZATION_PREFERS_STRING_CATALOGS = YES;
				MTL_ENABLE_DEBUG_INFO = INCLUDE_SOURCE;
				MTL_FAST_MATH = YES;
				ONLY_ACTIVE_ARCH = YES;
				SDKROOT = iphoneos;
				SWIFT_ACTIVE_COMPILATION_CONDITIONS = "DEBUG $(inherited)";
				SWIFT_OPTIMIZATION_LEVEL = "-Onone";
			};
			name = Debug;
		};
		042FF21A2CE96D020035CB71 /* Release */ = {
			isa = XCBuildConfiguration;
			buildSettings = {
				ALWAYS_SEARCH_USER_PATHS = NO;
				ASSETCATALOG_COMPILER_GENERATE_SWIFT_ASSET_SYMBOL_EXTENSIONS = YES;
				CLANG_ANALYZER_NONNULL = YES;
				CLANG_ANALYZER_NUMBER_OBJECT_CONVERSION = YES_AGGRESSIVE;
				CLANG_CXX_LANGUAGE_STANDARD = "gnu++20";
				CLANG_ENABLE_MODULES = YES;
				CLANG_ENABLE_OBJC_ARC = YES;
				CLANG_ENABLE_OBJC_WEAK = YES;
				CLANG_WARN_BLOCK_CAPTURE_AUTORELEASING = YES;
				CLANG_WARN_BOOL_CONVERSION = YES;
				CLANG_WARN_COMMA = YES;
				CLANG_WARN_CONSTANT_CONVERSION = YES;
				CLANG_WARN_DEPRECATED_OBJC_IMPLEMENTATIONS = YES;
				CLANG_WARN_DIRECT_OBJC_ISA_USAGE = YES_ERROR;
				CLANG_WARN_DOCUMENTATION_COMMENTS = YES;
				CLANG_WARN_EMPTY_BODY = YES;
				CLANG_WARN_ENUM_CONVERSION = YES;
				CLANG_WARN_INFINITE_RECURSION = YES;
				CLANG_WARN_INT_CONVERSION = YES;
				CLANG_WARN_NON_LITERAL_NULL_CONVERSION = YES;
				CLANG_WARN_OBJC_IMPLICIT_RETAIN_SELF = YES;
				CLANG_WARN_OBJC_LITERAL_CONVERSION = YES;
				CLANG_WARN_OBJC_ROOT_CLASS = YES_ERROR;
				CLANG_WARN_QUOTED_INCLUDE_IN_FRAMEWORK_HEADER = YES;
				CLANG_WARN_RANGE_LOOP_ANALYSIS = YES;
				CLANG_WARN_STRICT_PROTOTYPES = YES;
				CLANG_WARN_SUSPICIOUS_MOVE = YES;
				CLANG_WARN_UNGUARDED_AVAILABILITY = YES_AGGRESSIVE;
				CLANG_WARN_UNREACHABLE_CODE = YES;
				CLANG_WARN__DUPLICATE_METHOD_MATCH = YES;
				COPY_PHASE_STRIP = NO;
				DEBUG_INFORMATION_FORMAT = "dwarf-with-dsym";
				ENABLE_NS_ASSERTIONS = NO;
				ENABLE_STRICT_OBJC_MSGSEND = YES;
				ENABLE_USER_SCRIPT_SANDBOXING = YES;
				GCC_C_LANGUAGE_STANDARD = gnu17;
				GCC_NO_COMMON_BLOCKS = YES;
				GCC_WARN_64_TO_32_BIT_CONVERSION = YES;
				GCC_WARN_ABOUT_RETURN_TYPE = YES_ERROR;
				GCC_WARN_UNDECLARED_SELECTOR = YES;
				GCC_WARN_UNINITIALIZED_AUTOS = YES_AGGRESSIVE;
				GCC_WARN_UNUSED_FUNCTION = YES;
				GCC_WARN_UNUSED_VARIABLE = YES;
				IPHONEOS_DEPLOYMENT_TARGET = 17.5;
				LOCALIZATION_PREFERS_STRING_CATALOGS = YES;
				MTL_ENABLE_DEBUG_INFO = NO;
				MTL_FAST_MATH = YES;
				SDKROOT = iphoneos;
				SWIFT_COMPILATION_MODE = wholemodule;
				VALIDATE_PRODUCT = YES;
			};
			name = Release;
		};
		042FF21C2CE96D020035CB71 /* Debug */ = {
			isa = XCBuildConfiguration;
			buildSettings = {
				ASSETCATALOG_COMPILER_APPICON_NAME = AppIcon;
				ASSETCATALOG_COMPILER_GLOBAL_ACCENT_COLOR_NAME = AccentColor;
				CODE_SIGN_STYLE = Automatic;
				CURRENT_PROJECT_VERSION = 1;
				GENERATE_INFOPLIST_FILE = YES;
				INFOPLIST_FILE = taskApp/Info.plist;
				INFOPLIST_KEY_UIApplicationSupportsIndirectInputEvents = YES;
				INFOPLIST_KEY_UILaunchStoryboardName = LaunchScreen;
				INFOPLIST_KEY_UIMainStoryboardFile = Main;
				INFOPLIST_KEY_UISupportedInterfaceOrientations_iPad = "UIInterfaceOrientationPortrait UIInterfaceOrientationPortraitUpsideDown UIInterfaceOrientationLandscapeLeft UIInterfaceOrientationLandscapeRight";
				INFOPLIST_KEY_UISupportedInterfaceOrientations_iPhone = "UIInterfaceOrientationPortrait UIInterfaceOrientationLandscapeLeft UIInterfaceOrientationLandscapeRight";
				LD_RUNPATH_SEARCH_PATHS = (
					"$(inherited)",
					"@executable_path/Frameworks",
				);
				MARKETING_VERSION = 1.0;
				PRODUCT_BUNDLE_IDENTIFIER = ddd.taskApp;
				PRODUCT_NAME = "$(TARGET_NAME)";
				SWIFT_EMIT_LOC_STRINGS = YES;
				SWIFT_VERSION = 5.0;
				TARGETED_DEVICE_FAMILY = "1,2";
			};
			name = Debug;
		};
		042FF21D2CE96D020035CB71 /* Release */ = {
			isa = XCBuildConfiguration;
			buildSettings = {
				ASSETCATALOG_COMPILER_APPICON_NAME = AppIcon;
				ASSETCATALOG_COMPILER_GLOBAL_ACCENT_COLOR_NAME = AccentColor;
				CODE_SIGN_STYLE = Automatic;
				CURRENT_PROJECT_VERSION = 1;
				GENERATE_INFOPLIST_FILE = YES;
				INFOPLIST_FILE = taskApp/Info.plist;
				INFOPLIST_KEY_UIApplicationSupportsIndirectInputEvents = YES;
				INFOPLIST_KEY_UILaunchStoryboardName = LaunchScreen;
				INFOPLIST_KEY_UIMainStoryboardFile = Main;
				INFOPLIST_KEY_UISupportedInterfaceOrientations_iPad = "UIInterfaceOrientationPortrait UIInterfaceOrientationPortraitUpsideDown UIInterfaceOrientationLandscapeLeft UIInterfaceOrientationLandscapeRight";
				INFOPLIST_KEY_UISupportedInterfaceOrientations_iPhone = "UIInterfaceOrientationPortrait UIInterfaceOrientationLandscapeLeft UIInterfaceOrientationLandscapeRight";
				LD_RUNPATH_SEARCH_PATHS = (
					"$(inherited)",
					"@executable_path/Frameworks",
				);
				MARKETING_VERSION = 1.0;
				PRODUCT_BUNDLE_IDENTIFIER = ddd.taskApp;
				PRODUCT_NAME = "$(TARGET_NAME)";
				SWIFT_EMIT_LOC_STRINGS = YES;
				SWIFT_VERSION = 5.0;
				TARGETED_DEVICE_FAMILY = "1,2";
			};
			name = Release;
		};
		042FF21F2CE96D020035CB71 /* Debug */ = {
			isa = XCBuildConfiguration;
			buildSettings = {
				ALWAYS_EMBED_SWIFT_STANDARD_LIBRARIES = YES;
				BUNDLE_LOADER = "$(TEST_HOST)";
				CODE_SIGN_STYLE = Automatic;
				CURRENT_PROJECT_VERSION = 1;
				GENERATE_INFOPLIST_FILE = YES;
				IPHONEOS_DEPLOYMENT_TARGET = 17.5;
				MARKETING_VERSION = 1.0;
				PRODUCT_BUNDLE_IDENTIFIER = ddd.taskAppTests;
				PRODUCT_NAME = "$(TARGET_NAME)";
				SWIFT_EMIT_LOC_STRINGS = NO;
				SWIFT_VERSION = 5.0;
				TARGETED_DEVICE_FAMILY = "1,2";
				TEST_HOST = "$(BUILT_PRODUCTS_DIR)/taskApp.app/$(BUNDLE_EXECUTABLE_FOLDER_PATH)/taskApp";
			};
			name = Debug;
		};
		042FF2202CE96D020035CB71 /* Release */ = {
			isa = XCBuildConfiguration;
			buildSettings = {
				ALWAYS_EMBED_SWIFT_STANDARD_LIBRARIES = YES;
				BUNDLE_LOADER = "$(TEST_HOST)";
				CODE_SIGN_STYLE = Automatic;
				CURRENT_PROJECT_VERSION = 1;
				GENERATE_INFOPLIST_FILE = YES;
				IPHONEOS_DEPLOYMENT_TARGET = 17.5;
				MARKETING_VERSION = 1.0;
				PRODUCT_BUNDLE_IDENTIFIER = ddd.taskAppTests;
				PRODUCT_NAME = "$(TARGET_NAME)";
				SWIFT_EMIT_LOC_STRINGS = NO;
				SWIFT_VERSION = 5.0;
				TARGETED_DEVICE_FAMILY = "1,2";
				TEST_HOST = "$(BUILT_PRODUCTS_DIR)/taskApp.app/$(BUNDLE_EXECUTABLE_FOLDER_PATH)/taskApp";
			};
			name = Release;
		};
		042FF2222CE96D020035CB71 /* Debug */ = {
			isa = XCBuildConfiguration;
			buildSettings = {
				ALWAYS_EMBED_SWIFT_STANDARD_LIBRARIES = YES;
				CODE_SIGN_STYLE = Automatic;
				CURRENT_PROJECT_VERSION = 1;
				GENERATE_INFOPLIST_FILE = YES;
				MARKETING_VERSION = 1.0;
				PRODUCT_BUNDLE_IDENTIFIER = ddd.taskAppUITests;
				PRODUCT_NAME = "$(TARGET_NAME)";
				SWIFT_EMIT_LOC_STRINGS = NO;
				SWIFT_VERSION = 5.0;
				TARGETED_DEVICE_FAMILY = "1,2";
				TEST_TARGET_NAME = taskApp;
			};
			name = Debug;
		};
		042FF2232CE96D020035CB71 /* Release */ = {
			isa = XCBuildConfiguration;
			buildSettings = {
				ALWAYS_EMBED_SWIFT_STANDARD_LIBRARIES = YES;
				CODE_SIGN_STYLE = Automatic;
				CURRENT_PROJECT_VERSION = 1;
				GENERATE_INFOPLIST_FILE = YES;
				MARKETING_VERSION = 1.0;
				PRODUCT_BUNDLE_IDENTIFIER = ddd.taskAppUITests;
				PRODUCT_NAME = "$(TARGET_NAME)";
				SWIFT_EMIT_LOC_STRINGS = NO;
				SWIFT_VERSION = 5.0;
				TARGETED_DEVICE_FAMILY = "1,2";
				TEST_TARGET_NAME = taskApp;
			};
			name = Release;
		};
/* End XCBuildConfiguration section */

/* Begin XCConfigurationList section */
		042FF1EC2CE96CFF0035CB71 /* Build configuration list for PBXProject "taskApp" */ = {
			isa = XCConfigurationList;
			buildConfigurations = (
				042FF2192CE96D020035CB71 /* Debug */,
				042FF21A2CE96D020035CB71 /* Release */,
			);
			defaultConfigurationIsVisible = 0;
			defaultConfigurationName = Release;
		};
		042FF21B2CE96D020035CB71 /* Build configuration list for PBXNativeTarget "taskApp" */ = {
			isa = XCConfigurationList;
			buildConfigurations = (
				042FF21C2CE96D020035CB71 /* Debug */,
				042FF21D2CE96D020035CB71 /* Release */,
			);
			defaultConfigurationIsVisible = 0;
			defaultConfigurationName = Release;
		};
		042FF21E2CE96D020035CB71 /* Build configuration list for PBXNativeTarget "taskAppTests" */ = {
			isa = XCConfigurationList;
			buildConfigurations = (
				042FF21F2CE96D020035CB71 /* Debug */,
				042FF2202CE96D020035CB71 /* Release */,
			);
			defaultConfigurationIsVisible = 0;
			defaultConfigurationName = Release;
		};
		042FF2212CE96D020035CB71 /* Build configuration list for PBXNativeTarget "taskAppUITests" */ = {
			isa = XCConfigurationList;
			buildConfigurations = (
				042FF2222CE96D020035CB71 /* Debug */,
				042FF2232CE96D020035CB71 /* Release */,
			);
			defaultConfigurationIsVisible = 0;
			defaultConfigurationName = Release;
		};
/* End XCConfigurationList section */
	};
	rootObject = 042FF1E92CE96CFF0035CB71 /* Project object */;
}
